// !$*UTF8*$!
{
	archiveVersion = 1;
	classes = {
	};
	objectVersion = 50;
	objects = {

/* Begin PBXBuildFile section */
		6A2F20CE1A705F6AFE5D4A7D /* Pods_humandetect_example_ios.framework in Frameworks */ = {isa = PBXBuildFile; fileRef = 9722E6EE622938BE99AFCB2B /* Pods_humandetect_example_ios.framework */; };
		F0576603246048480051BE69 /* AppDelegate.swift in Sources */ = {isa = PBXBuildFile; fileRef = F0576602246048480051BE69 /* AppDelegate.swift */; };
		F0576605246048480051BE69 /* SceneDelegate.swift in Sources */ = {isa = PBXBuildFile; fileRef = F0576604246048480051BE69 /* SceneDelegate.swift */; };
		F0576607246048480051BE69 /* ViewController.swift in Sources */ = {isa = PBXBuildFile; fileRef = F0576606246048480051BE69 /* ViewController.swift */; };
		F057660A246048490051BE69 /* Main.storyboard in Resources */ = {isa = PBXBuildFile; fileRef = F0576608246048490051BE69 /* Main.storyboard */; };
		F057660C2460484C0051BE69 /* Assets.xcassets in Resources */ = {isa = PBXBuildFile; fileRef = F057660B2460484C0051BE69 /* Assets.xcassets */; };
		F057660F2460484C0051BE69 /* LaunchScreen.storyboard in Resources */ = {isa = PBXBuildFile; fileRef = F057660D2460484C0051BE69 /* LaunchScreen.storyboard */; };
/* End PBXBuildFile section */

/* Begin PBXFileReference section */
		7BCA0E4614F802F86B9CDB0F /* Pods-humandetect-example-ios.debug.xcconfig */ = {isa = PBXFileReference; includeInIndex = 1; lastKnownFileType = text.xcconfig; name = "Pods-humandetect-example-ios.debug.xcconfig"; path = "Target Support Files/Pods-humandetect-example-ios/Pods-humandetect-example-ios.debug.xcconfig"; sourceTree = "<group>"; };
		9722E6EE622938BE99AFCB2B /* Pods_humandetect_example_ios.framework */ = {isa = PBXFileReference; explicitFileType = wrapper.framework; includeInIndex = 0; path = Pods_humandetect_example_ios.framework; sourceTree = BUILT_PRODUCTS_DIR; };
		E0FA87AFE30ACB4AAEEEB7BB /* Pods-humandetect-example-ios.release.xcconfig */ = {isa = PBXFileReference; includeInIndex = 1; lastKnownFileType = text.xcconfig; name = "Pods-humandetect-example-ios.release.xcconfig"; path = "Target Support Files/Pods-humandetect-example-ios/Pods-humandetect-example-ios.release.xcconfig"; sourceTree = "<group>"; };
		F05765FF246048480051BE69 /* humandetect-example-ios.app */ = {isa = PBXFileReference; explicitFileType = wrapper.application; includeInIndex = 0; path = "humandetect-example-ios.app"; sourceTree = BUILT_PRODUCTS_DIR; };
		F0576602246048480051BE69 /* AppDelegate.swift */ = {isa = PBXFileReference; lastKnownFileType = sourcecode.swift; path = AppDelegate.swift; sourceTree = "<group>"; };
		F0576604246048480051BE69 /* SceneDelegate.swift */ = {isa = PBXFileReference; lastKnownFileType = sourcecode.swift; path = SceneDelegate.swift; sourceTree = "<group>"; };
		F0576606246048480051BE69 /* ViewController.swift */ = {isa = PBXFileReference; lastKnownFileType = sourcecode.swift; path = ViewController.swift; sourceTree = "<group>"; };
		F0576609246048490051BE69 /* Base */ = {isa = PBXFileReference; lastKnownFileType = file.storyboard; name = Base; path = Base.lproj/Main.storyboard; sourceTree = "<group>"; };
		F057660B2460484C0051BE69 /* Assets.xcassets */ = {isa = PBXFileReference; lastKnownFileType = folder.assetcatalog; path = Assets.xcassets; sourceTree = "<group>"; };
		F057660E2460484C0051BE69 /* Base */ = {isa = PBXFileReference; lastKnownFileType = file.storyboard; name = Base; path = Base.lproj/LaunchScreen.storyboard; sourceTree = "<group>"; };
		F05766102460484C0051BE69 /* Info.plist */ = {isa = PBXFileReference; lastKnownFileType = text.plist.xml; path = Info.plist; sourceTree = "<group>"; };
/* End PBXFileReference section */

/* Begin PBXFrameworksBuildPhase section */
		F05765FC246048480051BE69 /* Frameworks */ = {
			isa = PBXFrameworksBuildPhase;
			buildActionMask = 2147483647;
			files = (
				6A2F20CE1A705F6AFE5D4A7D /* Pods_humandetect_example_ios.framework in Frameworks */,
			);
			runOnlyForDeploymentPostprocessing = 0;
		};
/* End PBXFrameworksBuildPhase section */

/* Begin PBXGroup section */
		843FCFDCCF7C5CD4649299B4 /* Frameworks */ = {
			isa = PBXGroup;
			children = (
				9722E6EE622938BE99AFCB2B /* Pods_humandetect_example_ios.framework */,
			);
			name = Frameworks;
			sourceTree = "<group>";
		};
		F05765F6246048480051BE69 = {
			isa = PBXGroup;
			children = (
				F0576601246048480051BE69 /* humandetect-example-ios */,
				F0576600246048480051BE69 /* Products */,
				FF1F7BD9BDBB4A5CF02F9D37 /* Pods */,
				843FCFDCCF7C5CD4649299B4 /* Frameworks */,
			);
			sourceTree = "<group>";
		};
		F0576600246048480051BE69 /* Products */ = {
			isa = PBXGroup;
			children = (
				F05765FF246048480051BE69 /* humandetect-example-ios.app */,
			);
			name = Products;
			sourceTree = "<group>";
		};
		F0576601246048480051BE69 /* humandetect-example-ios */ = {
			isa = PBXGroup;
			children = (
				F0576602246048480051BE69 /* AppDelegate.swift */,
				F0576604246048480051BE69 /* SceneDelegate.swift */,
				F0576606246048480051BE69 /* ViewController.swift */,
				F0576608246048490051BE69 /* Main.storyboard */,
				F057660B2460484C0051BE69 /* Assets.xcassets */,
				F057660D2460484C0051BE69 /* LaunchScreen.storyboard */,
				F05766102460484C0051BE69 /* Info.plist */,
			);
			path = "humandetect-example-ios";
			sourceTree = "<group>";
		};
		FF1F7BD9BDBB4A5CF02F9D37 /* Pods */ = {
			isa = PBXGroup;
			children = (
				7BCA0E4614F802F86B9CDB0F /* Pods-humandetect-example-ios.debug.xcconfig */,
				E0FA87AFE30ACB4AAEEEB7BB /* Pods-humandetect-example-ios.release.xcconfig */,
			);
			name = Pods;
			path = Pods;
			sourceTree = "<group>";
		};
/* End PBXGroup section */

/* Begin PBXNativeTarget section */
		F05765FE246048480051BE69 /* humandetect-example-ios */ = {
			isa = PBXNativeTarget;
			buildConfigurationList = F05766132460484C0051BE69 /* Build configuration list for PBXNativeTarget "humandetect-example-ios" */;
			buildPhases = (
				F6F2ACFA4512572EC9608509 /* [CP] Check Pods Manifest.lock */,
				F05765FB246048480051BE69 /* Sources */,
				F05765FC246048480051BE69 /* Frameworks */,
				F05765FD246048480051BE69 /* Resources */,
				BFBC8D06F6BDF5C46EA5D8A6 /* [CP] Embed Pods Frameworks */,
			);
			buildRules = (
			);
			dependencies = (
			);
			name = "humandetect-example-ios";
			productName = "humandetect-example-ios";
			productReference = F05765FF246048480051BE69 /* humandetect-example-ios.app */;
			productType = "com.apple.product-type.application";
		};
/* End PBXNativeTarget section */

/* Begin PBXProject section */
		F05765F7246048480051BE69 /* Project object */ = {
			isa = PBXProject;
			attributes = {
				LastSwiftUpdateCheck = 1140;
				LastUpgradeCheck = 1140;
				ORGANIZATIONNAME = UnifyID;
				TargetAttributes = {
					F05765FE246048480051BE69 = {
						CreatedOnToolsVersion = 11.4.1;
					};
				};
			};
			buildConfigurationList = F05765FA246048480051BE69 /* Build configuration list for PBXProject "humandetect-example-ios" */;
			compatibilityVersion = "Xcode 9.3";
			developmentRegion = en;
			hasScannedForEncodings = 0;
			knownRegions = (
				en,
				Base,
			);
			mainGroup = F05765F6246048480051BE69;
			productRefGroup = F0576600246048480051BE69 /* Products */;
			projectDirPath = "";
			projectRoot = "";
			targets = (
				F05765FE246048480051BE69 /* humandetect-example-ios */,
			);
		};
/* End PBXProject section */

/* Begin PBXResourcesBuildPhase section */
		F05765FD246048480051BE69 /* Resources */ = {
			isa = PBXResourcesBuildPhase;
			buildActionMask = 2147483647;
			files = (
				F057660F2460484C0051BE69 /* LaunchScreen.storyboard in Resources */,
				F057660C2460484C0051BE69 /* Assets.xcassets in Resources */,
				F057660A246048490051BE69 /* Main.storyboard in Resources */,
			);
			runOnlyForDeploymentPostprocessing = 0;
		};
/* End PBXResourcesBuildPhase section */

/* Begin PBXShellScriptBuildPhase section */
		BFBC8D06F6BDF5C46EA5D8A6 /* [CP] Embed Pods Frameworks */ = {
			isa = PBXShellScriptBuildPhase;
			buildActionMask = 2147483647;
			files = (
			);
			inputFileListPaths = (
				"${PODS_ROOT}/Target Support Files/Pods-humandetect-example-ios/Pods-humandetect-example-ios-frameworks-${CONFIGURATION}-input-files.xcfilelist",
			);
			name = "[CP] Embed Pods Frameworks";
			outputFileListPaths = (
				"${PODS_ROOT}/Target Support Files/Pods-humandetect-example-ios/Pods-humandetect-example-ios-frameworks-${CONFIGURATION}-output-files.xcfilelist",
			);
			runOnlyForDeploymentPostprocessing = 0;
			shellPath = /bin/sh;
			shellScript = "\"${PODS_ROOT}/Target Support Files/Pods-humandetect-example-ios/Pods-humandetect-example-ios-frameworks.sh\"\n";
			showEnvVarsInLog = 0;
		};
		F6F2ACFA4512572EC9608509 /* [CP] Check Pods Manifest.lock */ = {
			isa = PBXShellScriptBuildPhase;
			buildActionMask = 2147483647;
			files = (
			);
			inputFileListPaths = (
			);
			inputPaths = (
				"${PODS_PODFILE_DIR_PATH}/Podfile.lock",
				"${PODS_ROOT}/Manifest.lock",
			);
			name = "[CP] Check Pods Manifest.lock";
			outputFileListPaths = (
			);
			outputPaths = (
				"$(DERIVED_FILE_DIR)/Pods-humandetect-example-ios-checkManifestLockResult.txt",
			);
			runOnlyForDeploymentPostprocessing = 0;
			shellPath = /bin/sh;
			shellScript = "diff \"${PODS_PODFILE_DIR_PATH}/Podfile.lock\" \"${PODS_ROOT}/Manifest.lock\" > /dev/null\nif [ $? != 0 ] ; then\n    # print error to STDERR\n    echo \"error: The sandbox is not in sync with the Podfile.lock. Run 'pod install' or update your CocoaPods installation.\" >&2\n    exit 1\nfi\n# This output is used by Xcode 'outputs' to avoid re-running this script phase.\necho \"SUCCESS\" > \"${SCRIPT_OUTPUT_FILE_0}\"\n";
			showEnvVarsInLog = 0;
		};
/* End PBXShellScriptBuildPhase section */

/* Begin PBXSourcesBuildPhase section */
		F05765FB246048480051BE69 /* Sources */ = {
			isa = PBXSourcesBuildPhase;
			buildActionMask = 2147483647;
			files = (
				F0576607246048480051BE69 /* ViewController.swift in Sources */,
				F0576603246048480051BE69 /* AppDelegate.swift in Sources */,
				F0576605246048480051BE69 /* SceneDelegate.swift in Sources */,
			);
			runOnlyForDeploymentPostprocessing = 0;
		};
/* End PBXSourcesBuildPhase section */

/* Begin PBXVariantGroup section */
		F0576608246048490051BE69 /* Main.storyboard */ = {
			isa = PBXVariantGroup;
			children = (
				F0576609246048490051BE69 /* Base */,
			);
			name = Main.storyboard;
			sourceTree = "<group>";
		};
		F057660D2460484C0051BE69 /* LaunchScreen.storyboard */ = {
			isa = PBXVariantGroup;
			children = (
				F057660E2460484C0051BE69 /* Base */,
			);
			name = LaunchScreen.storyboard;
			sourceTree = "<group>";
		};
/* End PBXVariantGroup section */

/* Begin XCBuildConfiguration section */
		F05766112460484C0051BE69 /* Debug */ = {
			isa = XCBuildConfiguration;
			buildSettings = {
				ALWAYS_SEARCH_USER_PATHS = NO;
				CLANG_ANALYZER_NONNULL = YES;
				CLANG_ANALYZER_NUMBER_OBJECT_CONVERSION = YES_AGGRESSIVE;
				CLANG_CXX_LANGUAGE_STANDARD = "gnu++14";
				CLANG_CXX_LIBRARY = "libc++";
				CLANG_ENABLE_MODULES = YES;
				CLANG_ENABLE_OBJC_ARC = YES;
				CLANG_ENABLE_OBJC_WEAK = YES;
				CLANG_WARN_BLOCK_CAPTURE_AUTORELEASING = YES;
				CLANG_WARN_BOOL_CONVERSION = YES;
				CLANG_WARN_COMMA = YES;
				CLANG_WARN_CONSTANT_CONVERSION = YES;
				CLANG_WARN_DEPRECATED_OBJC_IMPLEMENTATIONS = YES;
				CLANG_WARN_DIRECT_OBJC_ISA_USAGE = YES_ERROR;
				CLANG_WARN_DOCUMENTATION_COMMENTS = YES;
				CLANG_WARN_EMPTY_BODY = YES;
				CLANG_WARN_ENUM_CONVERSION = YES;
				CLANG_WARN_INFINITE_RECURSION = YES;
				CLANG_WARN_INT_CONVERSION = YES;
				CLANG_WARN_NON_LITERAL_NULL_CONVERSION = YES;
				CLANG_WARN_OBJC_IMPLICIT_RETAIN_SELF = YES;
				CLANG_WARN_OBJC_LITERAL_CONVERSION = YES;
				CLANG_WARN_OBJC_ROOT_CLASS = YES_ERROR;
				CLANG_WARN_RANGE_LOOP_ANALYSIS = YES;
				CLANG_WARN_STRICT_PROTOTYPES = YES;
				CLANG_WARN_SUSPICIOUS_MOVE = YES;
				CLANG_WARN_UNGUARDED_AVAILABILITY = YES_AGGRESSIVE;
				CLANG_WARN_UNREACHABLE_CODE = YES;
				CLANG_WARN__DUPLICATE_METHOD_MATCH = YES;
				COPY_PHASE_STRIP = NO;
				DEBUG_INFORMATION_FORMAT = dwarf;
				ENABLE_STRICT_OBJC_MSGSEND = YES;
				ENABLE_TESTABILITY = YES;
				GCC_C_LANGUAGE_STANDARD = gnu11;
				GCC_DYNAMIC_NO_PIC = NO;
				GCC_NO_COMMON_BLOCKS = YES;
				GCC_OPTIMIZATION_LEVEL = 0;
				GCC_PREPROCESSOR_DEFINITIONS = (
					"DEBUG=1",
					"$(inherited)",
				);
				GCC_WARN_64_TO_32_BIT_CONVERSION = YES;
				GCC_WARN_ABOUT_RETURN_TYPE = YES_ERROR;
				GCC_WARN_UNDECLARED_SELECTOR = YES;
				GCC_WARN_UNINITIALIZED_AUTOS = YES_AGGRESSIVE;
				GCC_WARN_UNUSED_FUNCTION = YES;
				GCC_WARN_UNUSED_VARIABLE = YES;
				IPHONEOS_DEPLOYMENT_TARGET = 13.4;
				MTL_ENABLE_DEBUG_INFO = INCLUDE_SOURCE;
				MTL_FAST_MATH = YES;
				ONLY_ACTIVE_ARCH = YES;
				SDKROOT = iphoneos;
				SWIFT_ACTIVE_COMPILATION_CONDITIONS = DEBUG;
				SWIFT_OPTIMIZATION_LEVEL = "-Onone";
			};
			name = Debug;
		};
		F05766122460484C0051BE69 /* Release */ = {
			isa = XCBuildConfiguration;
			buildSettings = {
				ALWAYS_SEARCH_USER_PATHS = NO;
				CLANG_ANALYZER_NONNULL = YES;
				CLANG_ANALYZER_NUMBER_OBJECT_CONVERSION = YES_AGGRESSIVE;
				CLANG_CXX_LANGUAGE_STANDARD = "gnu++14";
				CLANG_CXX_LIBRARY = "libc++";
				CLANG_ENABLE_MODULES = YES;
				CLANG_ENABLE_OBJC_ARC = YES;
				CLANG_ENABLE_OBJC_WEAK = YES;
				CLANG_WARN_BLOCK_CAPTURE_AUTORELEASING = YES;
				CLANG_WARN_BOOL_CONVERSION = YES;
				CLANG_WARN_COMMA = YES;
				CLANG_WARN_CONSTANT_CONVERSION = YES;
				CLANG_WARN_DEPRECATED_OBJC_IMPLEMENTATIONS = YES;
				CLANG_WARN_DIRECT_OBJC_ISA_USAGE = YES_ERROR;
				CLANG_WARN_DOCUMENTATION_COMMENTS = YES;
				CLANG_WARN_EMPTY_BODY = YES;
				CLANG_WARN_ENUM_CONVERSION = YES;
				CLANG_WARN_INFINITE_RECURSION = YES;
				CLANG_WARN_INT_CONVERSION = YES;
				CLANG_WARN_NON_LITERAL_NULL_CONVERSION = YES;
				CLANG_WARN_OBJC_IMPLICIT_RETAIN_SELF = YES;
				CLANG_WARN_OBJC_LITERAL_CONVERSION = YES;
				CLANG_WARN_OBJC_ROOT_CLASS = YES_ERROR;
				CLANG_WARN_RANGE_LOOP_ANALYSIS = YES;
				CLANG_WARN_STRICT_PROTOTYPES = YES;
				CLANG_WARN_SUSPICIOUS_MOVE = YES;
				CLANG_WARN_UNGUARDED_AVAILABILITY = YES_AGGRESSIVE;
				CLANG_WARN_UNREACHABLE_CODE = YES;
				CLANG_WARN__DUPLICATE_METHOD_MATCH = YES;
				COPY_PHASE_STRIP = NO;
				DEBUG_INFORMATION_FORMAT = "dwarf-with-dsym";
				ENABLE_NS_ASSERTIONS = NO;
				ENABLE_STRICT_OBJC_MSGSEND = YES;
				GCC_C_LANGUAGE_STANDARD = gnu11;
				GCC_NO_COMMON_BLOCKS = YES;
				GCC_WARN_64_TO_32_BIT_CONVERSION = YES;
				GCC_WARN_ABOUT_RETURN_TYPE = YES_ERROR;
				GCC_WARN_UNDECLARED_SELECTOR = YES;
				GCC_WARN_UNINITIALIZED_AUTOS = YES_AGGRESSIVE;
				GCC_WARN_UNUSED_FUNCTION = YES;
				GCC_WARN_UNUSED_VARIABLE = YES;
				IPHONEOS_DEPLOYMENT_TARGET = 13.4;
				MTL_ENABLE_DEBUG_INFO = NO;
				MTL_FAST_MATH = YES;
				SDKROOT = iphoneos;
				SWIFT_COMPILATION_MODE = wholemodule;
				SWIFT_OPTIMIZATION_LEVEL = "-O";
				VALIDATE_PRODUCT = YES;
			};
			name = Release;
		};
		F05766142460484C0051BE69 /* Debug */ = {
			isa = XCBuildConfiguration;
			baseConfigurationReference = 7BCA0E4614F802F86B9CDB0F /* Pods-humandetect-example-ios.debug.xcconfig */;
			buildSettings = {
				ASSETCATALOG_COMPILER_APPICON_NAME = AppIcon;
				CODE_SIGN_STYLE = Automatic;
				DEVELOPMENT_TEAM = PT3V8TU3X6;
				INFOPLIST_FILE = "humandetect-example-ios/Info.plist";
				LD_RUNPATH_SEARCH_PATHS = (
					"$(inherited)",
					"@executable_path/Frameworks",
				);
				PRODUCT_BUNDLE_IDENTIFIER = "id.unify.humandetect-example-ios";
				PRODUCT_NAME = "$(TARGET_NAME)";
				SWIFT_VERSION = 5.0;
				TARGETED_DEVICE_FAMILY = "1,2";
			};
			name = Debug;
		};
		F05766152460484C0051BE69 /* Release */ = {
			isa = XCBuildConfiguration;
			baseConfigurationReference = E0FA87AFE30ACB4AAEEEB7BB /* Pods-humandetect-example-ios.release.xcconfig */;
			buildSettings = {
				ASSETCATALOG_COMPILER_APPICON_NAME = AppIcon;
				CODE_SIGN_STYLE = Automatic;
				DEVELOPMENT_TEAM = PT3V8TU3X6;
				INFOPLIST_FILE = "humandetect-example-ios/Info.plist";
				LD_RUNPATH_SEARCH_PATHS = (
					"$(inherited)",
					"@executable_path/Frameworks",
				);
				PRODUCT_BUNDLE_IDENTIFIER = "id.unify.humandetect-example-ios";
				PRODUCT_NAME = "$(TARGET_NAME)";
				SWIFT_VERSION = 5.0;
				TARGETED_DEVICE_FAMILY = "1,2";
			};
			name = Release;
		};
/* End XCBuildConfiguration section */

/* Begin XCConfigurationList section */
		F05765FA246048480051BE69 /* Build configuration list for PBXProject "humandetect-example-ios" */ = {
			isa = XCConfigurationList;
			buildConfigurations = (
				F05766112460484C0051BE69 /* Debug */,
				F05766122460484C0051BE69 /* Release */,
			);
			defaultConfigurationIsVisible = 0;
			defaultConfigurationName = Release;
		};
		F05766132460484C0051BE69 /* Build configuration list for PBXNativeTarget "humandetect-example-ios" */ = {
			isa = XCConfigurationList;
			buildConfigurations = (
				F05766142460484C0051BE69 /* Debug */,
				F05766152460484C0051BE69 /* Release */,
			);
			defaultConfigurationIsVisible = 0;
			defaultConfigurationName = Release;
		};
/* End XCConfigurationList section */
	};
	rootObject = F05765F7246048480051BE69 /* Project object */;
}
